
Microsoft Visual Studio Solution File, Format Version 12.00
# Visual Studio Version 16
VisualStudioVersion = 16.0.31624.102
MinimumVisualStudioVersion = 10.0.40219.1
Project("{FAE04EC0-301F-11D3-BF4B-00C04F79EFBC}") = "Pr_lab2", "Pr_lab2.csproj", "{3748BE6C-816A-4182-B035-D2F6BD345A52}"
EndProject
Global
	GlobalSection(SolutionConfigurationPlatforms) = preSolution
		Debug|Any CPU = Debug|Any CPU
		Release|Any CPU = Release|Any CPU
	EndGlobalSection
	GlobalSection(ProjectConfigurationPlatforms) = postSolution
		{3748BE6C-816A-4182-B035-D2F6BD345A52}.Debug|Any CPU.ActiveCfg = Debug|Any CPU
		{3748BE6C-816A-4182-B035-D2F6BD345A52}.Debug|Any CPU.Build.0 = Debug|Any CPU
		{3748BE6C-816A-4182-B035-D2F6BD345A52}.Release|Any CPU.ActiveCfg = Release|Any CPU
		{3748BE6C-816A-4182-B035-D2F6BD345A52}.Release|Any CPU.Build.0 = Release|Any CPU
	EndGlobalSection
	GlobalSection(SolutionProperties) = preSolution
		HideSolutionNode = FALSE
	EndGlobalSection
	GlobalSection(ExtensibilityGlobals) = postSolution
		SolutionGuid = {08BBE886-4C00-4EF3-AA61-1379B492BB50}
	EndGlobalSection
EndGlobal
